
Microsoft Visual Studio Solution File, Format Version 12.00
# Visual Studio Version 16
VisualStudioVersion = 16.0.30011.22
MinimumVisualStudioVersion = 10.0.40219.1
Project("{9A19103F-16F7-4668-BE54-9A1E7A4F7556}") = "Final_Project_Corona", "Final_Project_Corona\Final_Project_Corona.csproj", "{AF048E41-5E72-49FE-925B-9D5C881B6B9F}"
EndProject
Project("{2150E333-8FDC-42A3-9474-1A3956D46DE8}") = "Solution Items", "Solution Items", "{C82B1FCD-D493-42B5-ADE5-BC650F123DD8}"
	ProjectSection(SolutionItems) = preProject
		.editorconfig = .editorconfig
	EndProjectSection
EndProject
Global
	GlobalSection(SolutionConfigurationPlatforms) = preSolution
		Debug|Any CPU = Debug|Any CPU
		Release|Any CPU = Release|Any CPU
	EndGlobalSection
	GlobalSection(ProjectConfigurationPlatforms) = postSolution
		{AF048E41-5E72-49FE-925B-9D5C881B6B9F}.Debug|Any CPU.ActiveCfg = Debug|Any CPU
		{AF048E41-5E72-49FE-925B-9D5C881B6B9F}.Debug|Any CPU.Build.0 = Debug|Any CPU
		{AF048E41-5E72-49FE-925B-9D5C881B6B9F}.Release|Any CPU.ActiveCfg = Release|Any CPU
		{AF048E41-5E72-49FE-925B-9D5C881B6B9F}.Release|Any CPU.Build.0 = Release|Any CPU
	EndGlobalSection
	GlobalSection(SolutionProperties) = preSolution
		HideSolutionNode = FALSE
	EndGlobalSection
	GlobalSection(ExtensibilityGlobals) = postSolution
		SolutionGuid = {116A3A0E-94CB-4920-A19C-6DEAF41FBBA2}
	EndGlobalSection
EndGlobal
