
Microsoft Visual Studio Solution File, Format Version 12.00
# Visual Studio Version 16
VisualStudioVersion = 16.0.30011.22
MinimumVisualStudioVersion = 10.0.40219.1
Project("{FAE04EC0-301F-11D3-BF4B-00C04F79EFBC}") = "Final_Project_Corona", "Final_Project_Corona\Final_Project_Corona.csproj", "{AF048E41-5E72-49FE-925B-9D5C881B6B9F}"
EndProject
Global
	GlobalSection(SolutionConfigurationPlatforms) = preSolution
		Debug|Any CPU = Debug|Any CPU
		Release|Any CPU = Release|Any CPU
	EndGlobalSection
	GlobalSection(ProjectConfigurationPlatforms) = postSolution
		{AF048E41-5E72-49FE-925B-9D5C881B6B9F}.Debug|Any CPU.ActiveCfg = Debug|Any CPU
		{AF048E41-5E72-49FE-925B-9D5C881B6B9F}.Debug|Any CPU.Build.0 = Debug|Any CPU
		{AF048E41-5E72-49FE-925B-9D5C881B6B9F}.Release|Any CPU.ActiveCfg = Release|Any CPU
		{AF048E41-5E72-49FE-925B-9D5C881B6B9F}.Release|Any CPU.Build.0 = Release|Any CPU
	EndGlobalSection
	GlobalSection(SolutionProperties) = preSolution
		HideSolutionNode = FALSE
	EndGlobalSection
	GlobalSection(ExtensibilityGlobals) = postSolution
		SolutionGuid = {116A3A0E-94CB-4920-A19C-6DEAF41FBBA2}
	EndGlobalSection
EndGlobal
